
Microsoft Visual Studio Solution File, Format Version 12.00
# Visual Studio 15
VisualStudioVersion = 15.0.27130.2024
MinimumVisualStudioVersion = 10.0.40219.1
Project("{FAE04EC0-301F-11D3-BF4B-00C04F79EFBC}") = "CompPlanLib", "CompPlanLib\CompPlanLib.csproj", "{43AC3C8B-C577-4AE4-9DBE-8477B1111733}"
EndProject
Project("{FAE04EC0-301F-11D3-BF4B-00C04F79EFBC}") = "CompPlanConsole", "CompPlanConsole\CompPlanConsole.csproj", "{7F11F312-AF1F-4B9D-ACC4-DEED56C646D2}"
	ProjectSection(ProjectDependencies) = postProject
		{43AC3C8B-C577-4AE4-9DBE-8477B1111733} = {43AC3C8B-C577-4AE4-9DBE-8477B1111733}
	EndProjectSection
EndProject
Project("{FAE04EC0-301F-11D3-BF4B-00C04F79EFBC}") = "CompPlanService", "CompPlanService\CompPlanService.csproj", "{C8A1115D-9B42-4359-93FC-D3435B16719B}"
	ProjectSection(ProjectDependencies) = postProject
		{43AC3C8B-C577-4AE4-9DBE-8477B1111733} = {43AC3C8B-C577-4AE4-9DBE-8477B1111733}
	EndProjectSection
EndProject
Project("{FAE04EC0-301F-11D3-BF4B-00C04F79EFBC}") = "CompPlanApp", "CompPlanApp\CompPlanApp.csproj", "{6C195BB0-AA1E-4724-BF5F-55D286924ACF}"
EndProject
Project("{FAE04EC0-301F-11D3-BF4B-00C04F79EFBC}") = "CompPlanService_CL", "CompPlanService_CL\CompPlanService_CL.csproj", "{0C6D2B18-E344-4C1F-A4C9-63F2E9CDC3A6}"
EndProject
Project("{FAE04EC0-301F-11D3-BF4B-00C04F79EFBC}") = "CompPlanService_RL", "CompPlanService_RL\CompPlanService_RL.csproj", "{2F96DACD-F423-409D-8BC7-7DEEA28604BB}"
EndProject
Project("{FAE04EC0-301F-11D3-BF4B-00C04F79EFBC}") = "CompPlanService_DL", "CompPlanService_DL\CompPlanService_DL.csproj", "{D4DEF5C9-8C90-40E5-8E9B-9554CC320D2F}"
EndProject
Project("{FAE04EC0-301F-11D3-BF4B-00C04F79EFBC}") = "CompPlanService_SL", "CompPlanService_SL\CompPlanService_SL.csproj", "{C3B59D0E-B4D1-4AF4-BC48-CFE57D912EB9}"
EndProject
Project("{FAE04EC0-301F-11D3-BF4B-00C04F79EFBC}") = "CompPlanService_SC", "CompPlanService_SC\CompPlanService_SC.csproj", "{2E4FA951-E270-40C5-8F2C-777DA0A8DD6B}"
EndProject
Project("{FAE04EC0-301F-11D3-BF4B-00C04F79EFBC}") = "CompPlanService_BC", "CompPlanService_BC\CompPlanService_BC.csproj", "{276AE5FB-D6D7-427C-9F7E-025801F6CB26}"
EndProject
Global
	GlobalSection(SolutionConfigurationPlatforms) = preSolution
		Debug|Any CPU = Debug|Any CPU
		Debug|x64 = Debug|x64
		Release|Any CPU = Release|Any CPU
		Release|x64 = Release|x64
	EndGlobalSection
	GlobalSection(ProjectConfigurationPlatforms) = postSolution
		{43AC3C8B-C577-4AE4-9DBE-8477B1111733}.Debug|Any CPU.ActiveCfg = Debug|Any CPU
		{43AC3C8B-C577-4AE4-9DBE-8477B1111733}.Debug|Any CPU.Build.0 = Debug|Any CPU
		{43AC3C8B-C577-4AE4-9DBE-8477B1111733}.Debug|x64.ActiveCfg = Debug|x64
		{43AC3C8B-C577-4AE4-9DBE-8477B1111733}.Debug|x64.Build.0 = Debug|x64
		{43AC3C8B-C577-4AE4-9DBE-8477B1111733}.Release|Any CPU.ActiveCfg = Release|Any CPU
		{43AC3C8B-C577-4AE4-9DBE-8477B1111733}.Release|Any CPU.Build.0 = Release|Any CPU
		{43AC3C8B-C577-4AE4-9DBE-8477B1111733}.Release|x64.ActiveCfg = Release|x64
		{43AC3C8B-C577-4AE4-9DBE-8477B1111733}.Release|x64.Build.0 = Release|x64
		{7F11F312-AF1F-4B9D-ACC4-DEED56C646D2}.Debug|Any CPU.ActiveCfg = Debug|Any CPU
		{7F11F312-AF1F-4B9D-ACC4-DEED56C646D2}.Debug|Any CPU.Build.0 = Debug|Any CPU
		{7F11F312-AF1F-4B9D-ACC4-DEED56C646D2}.Debug|x64.ActiveCfg = Debug|x64
		{7F11F312-AF1F-4B9D-ACC4-DEED56C646D2}.Debug|x64.Build.0 = Debug|x64
		{7F11F312-AF1F-4B9D-ACC4-DEED56C646D2}.Release|Any CPU.ActiveCfg = Release|Any CPU
		{7F11F312-AF1F-4B9D-ACC4-DEED56C646D2}.Release|Any CPU.Build.0 = Release|Any CPU
		{7F11F312-AF1F-4B9D-ACC4-DEED56C646D2}.Release|x64.ActiveCfg = Release|x64
		{7F11F312-AF1F-4B9D-ACC4-DEED56C646D2}.Release|x64.Build.0 = Release|x64
		{C8A1115D-9B42-4359-93FC-D3435B16719B}.Debug|Any CPU.ActiveCfg = Debug|Any CPU
		{C8A1115D-9B42-4359-93FC-D3435B16719B}.Debug|Any CPU.Build.0 = Debug|Any CPU
		{C8A1115D-9B42-4359-93FC-D3435B16719B}.Debug|x64.ActiveCfg = Debug|x64
		{C8A1115D-9B42-4359-93FC-D3435B16719B}.Debug|x64.Build.0 = Debug|x64
		{C8A1115D-9B42-4359-93FC-D3435B16719B}.Release|Any CPU.ActiveCfg = Release|Any CPU
		{C8A1115D-9B42-4359-93FC-D3435B16719B}.Release|Any CPU.Build.0 = Release|Any CPU
		{C8A1115D-9B42-4359-93FC-D3435B16719B}.Release|x64.ActiveCfg = Release|x64
		{C8A1115D-9B42-4359-93FC-D3435B16719B}.Release|x64.Build.0 = Release|x64
		{6C195BB0-AA1E-4724-BF5F-55D286924ACF}.Debug|Any CPU.ActiveCfg = Debug|Any CPU
		{6C195BB0-AA1E-4724-BF5F-55D286924ACF}.Debug|Any CPU.Build.0 = Debug|Any CPU
		{6C195BB0-AA1E-4724-BF5F-55D286924ACF}.Debug|x64.ActiveCfg = Debug|x64
		{6C195BB0-AA1E-4724-BF5F-55D286924ACF}.Debug|x64.Build.0 = Debug|x64
		{6C195BB0-AA1E-4724-BF5F-55D286924ACF}.Release|Any CPU.ActiveCfg = Release|Any CPU
		{6C195BB0-AA1E-4724-BF5F-55D286924ACF}.Release|Any CPU.Build.0 = Release|Any CPU
		{6C195BB0-AA1E-4724-BF5F-55D286924ACF}.Release|x64.ActiveCfg = Release|x64
		{6C195BB0-AA1E-4724-BF5F-55D286924ACF}.Release|x64.Build.0 = Release|x64
		{0C6D2B18-E344-4C1F-A4C9-63F2E9CDC3A6}.Debug|Any CPU.ActiveCfg = Debug|Any CPU
		{0C6D2B18-E344-4C1F-A4C9-63F2E9CDC3A6}.Debug|Any CPU.Build.0 = Debug|Any CPU
		{0C6D2B18-E344-4C1F-A4C9-63F2E9CDC3A6}.Debug|x64.ActiveCfg = Debug|x64
		{0C6D2B18-E344-4C1F-A4C9-63F2E9CDC3A6}.Debug|x64.Build.0 = Debug|x64
		{0C6D2B18-E344-4C1F-A4C9-63F2E9CDC3A6}.Release|Any CPU.ActiveCfg = Release|Any CPU
		{0C6D2B18-E344-4C1F-A4C9-63F2E9CDC3A6}.Release|Any CPU.Build.0 = Release|Any CPU
		{0C6D2B18-E344-4C1F-A4C9-63F2E9CDC3A6}.Release|x64.ActiveCfg = Release|x64
		{0C6D2B18-E344-4C1F-A4C9-63F2E9CDC3A6}.Release|x64.Build.0 = Release|x64
		{2F96DACD-F423-409D-8BC7-7DEEA28604BB}.Debug|Any CPU.ActiveCfg = Debug|Any CPU
		{2F96DACD-F423-409D-8BC7-7DEEA28604BB}.Debug|Any CPU.Build.0 = Debug|Any CPU
		{2F96DACD-F423-409D-8BC7-7DEEA28604BB}.Debug|x64.ActiveCfg = Debug|x64
		{2F96DACD-F423-409D-8BC7-7DEEA28604BB}.Debug|x64.Build.0 = Debug|x64
		{2F96DACD-F423-409D-8BC7-7DEEA28604BB}.Release|Any CPU.ActiveCfg = Release|Any CPU
		{2F96DACD-F423-409D-8BC7-7DEEA28604BB}.Release|Any CPU.Build.0 = Release|Any CPU
		{2F96DACD-F423-409D-8BC7-7DEEA28604BB}.Release|x64.ActiveCfg = Release|x64
		{2F96DACD-F423-409D-8BC7-7DEEA28604BB}.Release|x64.Build.0 = Release|x64
		{D4DEF5C9-8C90-40E5-8E9B-9554CC320D2F}.Debug|Any CPU.ActiveCfg = Debug|Any CPU
		{D4DEF5C9-8C90-40E5-8E9B-9554CC320D2F}.Debug|Any CPU.Build.0 = Debug|Any CPU
		{D4DEF5C9-8C90-40E5-8E9B-9554CC320D2F}.Debug|x64.ActiveCfg = Debug|x64
		{D4DEF5C9-8C90-40E5-8E9B-9554CC320D2F}.Debug|x64.Build.0 = Debug|x64
		{D4DEF5C9-8C90-40E5-8E9B-9554CC320D2F}.Release|Any CPU.ActiveCfg = Release|Any CPU
		{D4DEF5C9-8C90-40E5-8E9B-9554CC320D2F}.Release|Any CPU.Build.0 = Release|Any CPU
		{D4DEF5C9-8C90-40E5-8E9B-9554CC320D2F}.Release|x64.ActiveCfg = Release|x64
		{D4DEF5C9-8C90-40E5-8E9B-9554CC320D2F}.Release|x64.Build.0 = Release|x64
		{C3B59D0E-B4D1-4AF4-BC48-CFE57D912EB9}.Debug|Any CPU.ActiveCfg = Debug|Any CPU
		{C3B59D0E-B4D1-4AF4-BC48-CFE57D912EB9}.Debug|Any CPU.Build.0 = Debug|Any CPU
		{C3B59D0E-B4D1-4AF4-BC48-CFE57D912EB9}.Debug|x64.ActiveCfg = Debug|x64
		{C3B59D0E-B4D1-4AF4-BC48-CFE57D912EB9}.Debug|x64.Build.0 = Debug|x64
		{C3B59D0E-B4D1-4AF4-BC48-CFE57D912EB9}.Release|Any CPU.ActiveCfg = Release|Any CPU
		{C3B59D0E-B4D1-4AF4-BC48-CFE57D912EB9}.Release|Any CPU.Build.0 = Release|Any CPU
		{C3B59D0E-B4D1-4AF4-BC48-CFE57D912EB9}.Release|x64.ActiveCfg = Release|x64
		{C3B59D0E-B4D1-4AF4-BC48-CFE57D912EB9}.Release|x64.Build.0 = Release|x64
		{2E4FA951-E270-40C5-8F2C-777DA0A8DD6B}.Debug|Any CPU.ActiveCfg = Debug|Any CPU
		{2E4FA951-E270-40C5-8F2C-777DA0A8DD6B}.Debug|Any CPU.Build.0 = Debug|Any CPU
		{2E4FA951-E270-40C5-8F2C-777DA0A8DD6B}.Debug|x64.ActiveCfg = Debug|x64
		{2E4FA951-E270-40C5-8F2C-777DA0A8DD6B}.Debug|x64.Build.0 = Debug|x64
		{2E4FA951-E270-40C5-8F2C-777DA0A8DD6B}.Release|Any CPU.ActiveCfg = Release|Any CPU
		{2E4FA951-E270-40C5-8F2C-777DA0A8DD6B}.Release|Any CPU.Build.0 = Release|Any CPU
		{2E4FA951-E270-40C5-8F2C-777DA0A8DD6B}.Release|x64.ActiveCfg = Release|x64
		{2E4FA951-E270-40C5-8F2C-777DA0A8DD6B}.Release|x64.Build.0 = Release|x64
		{276AE5FB-D6D7-427C-9F7E-025801F6CB26}.Debug|Any CPU.ActiveCfg = Debug|Any CPU
		{276AE5FB-D6D7-427C-9F7E-025801F6CB26}.Debug|Any CPU.Build.0 = Debug|Any CPU
		{276AE5FB-D6D7-427C-9F7E-025801F6CB26}.Debug|x64.ActiveCfg = Debug|x64
		{276AE5FB-D6D7-427C-9F7E-025801F6CB26}.Debug|x64.Build.0 = Debug|x64
		{276AE5FB-D6D7-427C-9F7E-025801F6CB26}.Release|Any CPU.ActiveCfg = Release|Any CPU
		{276AE5FB-D6D7-427C-9F7E-025801F6CB26}.Release|Any CPU.Build.0 = Release|Any CPU
		{276AE5FB-D6D7-427C-9F7E-025801F6CB26}.Release|x64.ActiveCfg = Release|x64
		{276AE5FB-D6D7-427C-9F7E-025801F6CB26}.Release|x64.Build.0 = Release|x64
	EndGlobalSection
	GlobalSection(SolutionProperties) = preSolution
		HideSolutionNode = FALSE
	EndGlobalSection
	GlobalSection(ExtensibilityGlobals) = postSolution
		SolutionGuid = {F4D32C5F-1632-4884-94DA-6DA4FBDBF67F}
	EndGlobalSection
EndGlobal
